
Microsoft Visual Studio Solution File, Format Version 12.00
# Visual Studio Version 17
VisualStudioVersion = 17.3.32804.467
MinimumVisualStudioVersion = 10.0.40219.1
Project("{F184B08F-C81C-45F6-A57F-5ABD9991F28F}") = "FormServerXApps", "FormServerXApps\FormServerXApps.vbproj", "{F8369330-EF34-406B-B9AB-A69839934D30}"
EndProject
Global
	GlobalSection(SolutionConfigurationPlatforms) = preSolution
		Debug|Any CPU = Debug|Any CPU
		Release|Any CPU = Release|Any CPU
	EndGlobalSection
	GlobalSection(ProjectConfigurationPlatforms) = postSolution
		{F8369330-EF34-406B-B9AB-A69839934D30}.Debug|Any CPU.ActiveCfg = Debug|Any CPU
		{F8369330-EF34-406B-B9AB-A69839934D30}.Debug|Any CPU.Build.0 = Debug|Any CPU
		{F8369330-EF34-406B-B9AB-A69839934D30}.Release|Any CPU.ActiveCfg = Release|Any CPU
		{F8369330-EF34-406B-B9AB-A69839934D30}.Release|Any CPU.Build.0 = Release|Any CPU
	EndGlobalSection
	GlobalSection(SolutionProperties) = preSolution
		HideSolutionNode = FALSE
	EndGlobalSection
	GlobalSection(ExtensibilityGlobals) = postSolution
		SolutionGuid = {0835D4E6-7100-40BB-B69D-087AB21355C0}
	EndGlobalSection
EndGlobal
